// !$*UTF8*$!
{
	archiveVersion = 1;
	classes = {
	};
	objectVersion = 77;
	objects = {

/* Begin PBXContainerItemProxy section */
		BA60D7F12CC6054600E44060 /* PBXContainerItemProxy */ = {
			isa = PBXContainerItemProxy;
			containerPortal = BA60D7D22CC6054500E44060 /* Project object */;
			proxyType = 1;
			remoteGlobalIDString = BA60D7D92CC6054500E44060;
			remoteInfo = TeamProject;
		};
		BA60D7FB2CC6054600E44060 /* PBXContainerItemProxy */ = {
			isa = PBXContainerItemProxy;
			containerPortal = BA60D7D22CC6054500E44060 /* Project object */;
			proxyType = 1;
			remoteGlobalIDString = BA60D7D92CC6054500E44060;
			remoteInfo = TeamProject;
		};
/* End PBXContainerItemProxy section */

/* Begin PBXFileReference section */
		BA60D7DA2CC6054500E44060 /* TeamProject.app */ = {isa = PBXFileReference; explicitFileType = wrapper.application; includeInIndex = 0; path = TeamProject.app; sourceTree = BUILT_PRODUCTS_DIR; };
		BA60D7F02CC6054600E44060 /* TeamProjectTests.xctest */ = {isa = PBXFileReference; explicitFileType = wrapper.cfbundle; includeInIndex = 0; path = TeamProjectTests.xctest; sourceTree = BUILT_PRODUCTS_DIR; };
		BA60D7FA2CC6054600E44060 /* TeamProjectUITests.xctest */ = {isa = PBXFileReference; explicitFileType = wrapper.cfbundle; includeInIndex = 0; path = TeamProjectUITests.xctest; sourceTree = BUILT_PRODUCTS_DIR; };
/* End PBXFileReference section */

/* Begin PBXFileSystemSynchronizedBuildFileExceptionSet section */
		BA60D8022CC6054600E44060 /* Exceptions for "TeamProject" folder in "TeamProject" target */ = {
			isa = PBXFileSystemSynchronizedBuildFileExceptionSet;
			membershipExceptions = (
				Info.plist,
			);
			target = BA60D7D92CC6054500E44060 /* TeamProject */;
		};
/* End PBXFileSystemSynchronizedBuildFileExceptionSet section */

/* Begin PBXFileSystemSynchronizedRootGroup section */
		BA60D7DC2CC6054500E44060 /* TeamProject */ = {
			isa = PBXFileSystemSynchronizedRootGroup;
			exceptions = (
				BA60D8022CC6054600E44060 /* Exceptions for "TeamProject" folder in "TeamProject" target */,
			);
			path = TeamProject;
			sourceTree = "<group>";
		};
		BA60D7F32CC6054600E44060 /* TeamProjectTests */ = {
			isa = PBXFileSystemSynchronizedRootGroup;
			path = TeamProjectTests;
			sourceTree = "<group>";
		};
		BA60D7FD2CC6054600E44060 /* TeamProjectUITests */ = {
			isa = PBXFileSystemSynchronizedRootGroup;
			path = TeamProjectUITests;
			sourceTree = "<group>";
		};
/* End PBXFileSystemSynchronizedRootGroup section */

/* Begin PBXFrameworksBuildPhase section */
		BA60D7D72CC6054500E44060 /* Frameworks */ = {
			isa = PBXFrameworksBuildPhase;
			buildActionMask = 2147483647;
			files = (
			);
			runOnlyForDeploymentPostprocessing = 0;
		};
		BA60D7ED2CC6054600E44060 /* Frameworks */ = {
			isa = PBXFrameworksBuildPhase;
			buildActionMask = 2147483647;
			files = (
			);
			runOnlyForDeploymentPostprocessing = 0;
		};
		BA60D7F72CC6054600E44060 /* Frameworks */ = {
			isa = PBXFrameworksBuildPhase;
			buildActionMask = 2147483647;
			files = (
			);
			runOnlyForDeploymentPostprocessing = 0;
		};
/* End PBXFrameworksBuildPhase section */

/* Begin PBXGroup section */
		BA60D7D12CC6054500E44060 = {
			isa = PBXGroup;
			children = (
				BA60D7DC2CC6054500E44060 /* TeamProject */,
				BA60D7F32CC6054600E44060 /* TeamProjectTests */,
				BA60D7FD2CC6054600E44060 /* TeamProjectUITests */,
				BA60D7DB2CC6054500E44060 /* Products */,
			);
			sourceTree = "<group>";
		};
		BA60D7DB2CC6054500E44060 /* Products */ = {
			isa = PBXGroup;
			children = (
				BA60D7DA2CC6054500E44060 /* TeamProject.app */,
				BA60D7F02CC6054600E44060 /* TeamProjectTests.xctest */,
				BA60D7FA2CC6054600E44060 /* TeamProjectUITests.xctest */,
			);
			name = Products;
			sourceTree = "<group>";
		};
/* End PBXGroup section */

/* Begin PBXNativeTarget section */
		BA60D7D92CC6054500E44060 /* TeamProject */ = {
			isa = PBXNativeTarget;
			buildConfigurationList = BA60D8032CC6054600E44060 /* Build configuration list for PBXNativeTarget "TeamProject" */;
			buildPhases = (
				BA60D7D62CC6054500E44060 /* Sources */,
				BA60D7D72CC6054500E44060 /* Frameworks */,
				BA60D7D82CC6054500E44060 /* Resources */,
			);
			buildRules = (
			);
			dependencies = (
			);
			fileSystemSynchronizedGroups = (
				BA60D7DC2CC6054500E44060 /* TeamProject */,
			);
			name = TeamProject;
			packageProductDependencies = (
			);
			productName = TeamProject;
			productReference = BA60D7DA2CC6054500E44060 /* TeamProject.app */;
			productType = "com.apple.product-type.application";
		};
		BA60D7EF2CC6054600E44060 /* TeamProjectTests */ = {
			isa = PBXNativeTarget;
			buildConfigurationList = BA60D8082CC6054600E44060 /* Build configuration list for PBXNativeTarget "TeamProjectTests" */;
			buildPhases = (
				BA60D7EC2CC6054600E44060 /* Sources */,
				BA60D7ED2CC6054600E44060 /* Frameworks */,
				BA60D7EE2CC6054600E44060 /* Resources */,
			);
			buildRules = (
			);
			dependencies = (
				BA60D7F22CC6054600E44060 /* PBXTargetDependency */,
			);
			fileSystemSynchronizedGroups = (
				BA60D7F32CC6054600E44060 /* TeamProjectTests */,
			);
			name = TeamProjectTests;
			packageProductDependencies = (
			);
			productName = TeamProjectTests;
			productReference = BA60D7F02CC6054600E44060 /* TeamProjectTests.xctest */;
			productType = "com.apple.product-type.bundle.unit-test";
		};
		BA60D7F92CC6054600E44060 /* TeamProjectUITests */ = {
			isa = PBXNativeTarget;
			buildConfigurationList = BA60D80B2CC6054600E44060 /* Build configuration list for PBXNativeTarget "TeamProjectUITests" */;
			buildPhases = (
				BA60D7F62CC6054600E44060 /* Sources */,
				BA60D7F72CC6054600E44060 /* Frameworks */,
				BA60D7F82CC6054600E44060 /* Resources */,
			);
			buildRules = (
			);
			dependencies = (
				BA60D7FC2CC6054600E44060 /* PBXTargetDependency */,
			);
			fileSystemSynchronizedGroups = (
				BA60D7FD2CC6054600E44060 /* TeamProjectUITests */,
			);
			name = TeamProjectUITests;
			packageProductDependencies = (
			);
			productName = TeamProjectUITests;
			productReference = BA60D7FA2CC6054600E44060 /* TeamProjectUITests.xctest */;
			productType = "com.apple.product-type.bundle.ui-testing";
		};
/* End PBXNativeTarget section */

/* Begin PBXProject section */
		BA60D7D22CC6054500E44060 /* Project object */ = {
			isa = PBXProject;
			attributes = {
				BuildIndependentTargetsInParallel = 1;
				LastSwiftUpdateCheck = 1600;
				LastUpgradeCheck = 1600;
				TargetAttributes = {
					BA60D7D92CC6054500E44060 = {
						CreatedOnToolsVersion = 16.0;
					};
					BA60D7EF2CC6054600E44060 = {
						CreatedOnToolsVersion = 16.0;
						TestTargetID = BA60D7D92CC6054500E44060;
					};
					BA60D7F92CC6054600E44060 = {
						CreatedOnToolsVersion = 16.0;
						TestTargetID = BA60D7D92CC6054500E44060;
					};
				};
			};
			buildConfigurationList = BA60D7D52CC6054500E44060 /* Build configuration list for PBXProject "TeamProject" */;
			developmentRegion = en;
			hasScannedForEncodings = 0;
			knownRegions = (
				en,
				Base,
			);
			mainGroup = BA60D7D12CC6054500E44060;
			minimizedProjectReferenceProxies = 1;
			preferredProjectObjectVersion = 77;
			productRefGroup = BA60D7DB2CC6054500E44060 /* Products */;
			projectDirPath = "";
			projectRoot = "";
			targets = (
				BA60D7D92CC6054500E44060 /* TeamProject */,
				BA60D7EF2CC6054600E44060 /* TeamProjectTests */,
				BA60D7F92CC6054600E44060 /* TeamProjectUITests */,
			);
		};
/* End PBXProject section */

/* Begin PBXResourcesBuildPhase section */
		BA60D7D82CC6054500E44060 /* Resources */ = {
			isa = PBXResourcesBuildPhase;
			buildActionMask = 2147483647;
			files = (
			);
			runOnlyForDeploymentPostprocessing = 0;
		};
		BA60D7EE2CC6054600E44060 /* Resources */ = {
			isa = PBXResourcesBuildPhase;
			buildActionMask = 2147483647;
			files = (
			);
			runOnlyForDeploymentPostprocessing = 0;
		};
		BA60D7F82CC6054600E44060 /* Resources */ = {
			isa = PBXResourcesBuildPhase;
			buildActionMask = 2147483647;
			files = (
			);
			runOnlyForDeploymentPostprocessing = 0;
		};
/* End PBXResourcesBuildPhase section */

/* Begin PBXSourcesBuildPhase section */
		BA60D7D62CC6054500E44060 /* Sources */ = {
			isa = PBXSourcesBuildPhase;
			buildActionMask = 2147483647;
			files = (
			);
			runOnlyForDeploymentPostprocessing = 0;
		};
		BA60D7EC2CC6054600E44060 /* Sources */ = {
			isa = PBXSourcesBuildPhase;
			buildActionMask = 2147483647;
			files = (
			);
			runOnlyForDeploymentPostprocessing = 0;
		};
		BA60D7F62CC6054600E44060 /* Sources */ = {
			isa = PBXSourcesBuildPhase;
			buildActionMask = 2147483647;
			files = (
			);
			runOnlyForDeploymentPostprocessing = 0;
		};
/* End PBXSourcesBuildPhase section */

/* Begin PBXTargetDependency section */
		BA60D7F22CC6054600E44060 /* PBXTargetDependency */ = {
			isa = PBXTargetDependency;
			target = BA60D7D92CC6054500E44060 /* TeamProject */;
			targetProxy = BA60D7F12CC6054600E44060 /* PBXContainerItemProxy */;
		};
		BA60D7FC2CC6054600E44060 /* PBXTargetDependency */ = {
			isa = PBXTargetDependency;
			target = BA60D7D92CC6054500E44060 /* TeamProject */;
			targetProxy = BA60D7FB2CC6054600E44060 /* PBXContainerItemProxy */;
		};
/* End PBXTargetDependency section */

/* Begin XCBuildConfiguration section */
		BA60D8042CC6054600E44060 /* Debug */ = {
			isa = XCBuildConfiguration;
			buildSettings = {
				ASSETCATALOG_COMPILER_APPICON_NAME = AppIcon;
				ASSETCATALOG_COMPILER_GLOBAL_ACCENT_COLOR_NAME = AccentColor;
				CODE_SIGN_STYLE = Automatic;
				CURRENT_PROJECT_VERSION = 1;
				GENERATE_INFOPLIST_FILE = YES;
				INFOPLIST_FILE = TeamProject/Info.plist;
				INFOPLIST_KEY_UIApplicationSupportsIndirectInputEvents = YES;
				INFOPLIST_KEY_UILaunchStoryboardName = LaunchScreen;
				INFOPLIST_KEY_UIMainStoryboardFile = Main;
				INFOPLIST_KEY_UISupportedInterfaceOrientations_iPad = "UIInterfaceOrientationPortrait UIInterfaceOrientationPortraitUpsideDown UIInterfaceOrientationLandscapeLeft UIInterfaceOrientationLandscapeRight";
				INFOPLIST_KEY_UISupportedInterfaceOrientations_iPhone = "UIInterfaceOrientationPortrait UIInterfaceOrientationLandscapeLeft UIInterfaceOrientationLandscapeRight";
				LD_RUNPATH_SEARCH_PATHS = (
					"$(inherited)",
					"@executable_path/Frameworks",
				);
				MARKETING_VERSION = 1.0;
				PRODUCT_BUNDLE_IDENTIFIER = mun.TeamProject;
				PRODUCT_NAME = "$(TARGET_NAME)";
				SWIFT_EMIT_LOC_STRINGS = YES;
				SWIFT_VERSION = 5.0;
				TARGETED_DEVICE_FAMILY = "1,2";
			};
			name = Debug;
		};
		BA60D8052CC6054600E44060 /* Release */ = {
			isa = XCBuildConfiguration;
			buildSettings = {
				ASSETCATALOG_COMPILER_APPICON_NAME = AppIcon;
				ASSETCATALOG_COMPILER_GLOBAL_ACCENT_COLOR_NAME = AccentColor;
				CODE_SIGN_STYLE = Automatic;
				CURRENT_PROJECT_VERSION = 1;
				GENERATE_INFOPLIST_FILE = YES;
				INFOPLIST_FILE = TeamProject/Info.plist;
				INFOPLIST_KEY_UIApplicationSupportsIndirectInputEvents = YES;
				INFOPLIST_KEY_UILaunchStoryboardName = LaunchScreen;
				INFOPLIST_KEY_UIMainStoryboardFile = Main;
				INFOPLIST_KEY_UISupportedInterfaceOrientations_iPad = "UIInterfaceOrientationPortrait UIInterfaceOrientationPortraitUpsideDown UIInterfaceOrientationLandscapeLeft UIInterfaceOrientationLandscapeRight";
				INFOPLIST_KEY_UISupportedInterfaceOrientations_iPhone = "UIInterfaceOrientationPortrait UIInterfaceOrientationLandscapeLeft UIInterfaceOrientationLandscapeRight";
				LD_RUNPATH_SEARCH_PATHS = (
					"$(inherited)",
					"@executable_path/Frameworks",
				);
				MARKETING_VERSION = 1.0;
				PRODUCT_BUNDLE_IDENTIFIER = mun.TeamProject;
				PRODUCT_NAME = "$(TARGET_NAME)";
				SWIFT_EMIT_LOC_STRINGS = YES;
				SWIFT_VERSION = 5.0;
				TARGETED_DEVICE_FAMILY = "1,2";
			};
			name = Release;
		};
		BA60D8062CC6054600E44060 /* Debug */ = {
			isa = XCBuildConfiguration;
			buildSettings = {
				ALWAYS_SEARCH_USER_PATHS = NO;
				ASSETCATALOG_COMPILER_GENERATE_SWIFT_ASSET_SYMBOL_EXTENSIONS = YES;
				CLANG_ANALYZER_NONNULL = YES;
				CLANG_ANALYZER_NUMBER_OBJECT_CONVERSION = YES_AGGRESSIVE;
				CLANG_CXX_LANGUAGE_STANDARD = "gnu++20";
				CLANG_ENABLE_MODULES = YES;
				CLANG_ENABLE_OBJC_ARC = YES;
				CLANG_ENABLE_OBJC_WEAK = YES;
				CLANG_WARN_BLOCK_CAPTURE_AUTORELEASING = YES;
				CLANG_WARN_BOOL_CONVERSION = YES;
				CLANG_WARN_COMMA = YES;
				CLANG_WARN_CONSTANT_CONVERSION = YES;
				CLANG_WARN_DEPRECATED_OBJC_IMPLEMENTATIONS = YES;
				CLANG_WARN_DIRECT_OBJC_ISA_USAGE = YES_ERROR;
				CLANG_WARN_DOCUMENTATION_COMMENTS = YES;
				CLANG_WARN_EMPTY_BODY = YES;
				CLANG_WARN_ENUM_CONVERSION = YES;
				CLANG_WARN_INFINITE_RECURSION = YES;
				CLANG_WARN_INT_CONVERSION = YES;
				CLANG_WARN_NON_LITERAL_NULL_CONVERSION = YES;
				CLANG_WARN_OBJC_IMPLICIT_RETAIN_SELF = YES;
				CLANG_WARN_OBJC_LITERAL_CONVERSION = YES;
				CLANG_WARN_OBJC_ROOT_CLASS = YES_ERROR;
				CLANG_WARN_QUOTED_INCLUDE_IN_FRAMEWORK_HEADER = YES;
				CLANG_WARN_RANGE_LOOP_ANALYSIS = YES;
				CLANG_WARN_STRICT_PROTOTYPES = YES;
				CLANG_WARN_SUSPICIOUS_MOVE = YES;
				CLANG_WARN_UNGUARDED_AVAILABILITY = YES_AGGRESSIVE;
				CLANG_WARN_UNREACHABLE_CODE = YES;
				CLANG_WARN__DUPLICATE_METHOD_MATCH = YES;
				COPY_PHASE_STRIP = NO;
				DEBUG_INFORMATION_FORMAT = dwarf;
				ENABLE_STRICT_OBJC_MSGSEND = YES;
				ENABLE_TESTABILITY = YES;
				ENABLE_USER_SCRIPT_SANDBOXING = YES;
				GCC_C_LANGUAGE_STANDARD = gnu17;
				GCC_DYNAMIC_NO_PIC = NO;
				GCC_NO_COMMON_BLOCKS = YES;
				GCC_OPTIMIZATION_LEVEL = 0;
				GCC_PREPROCESSOR_DEFINITIONS = (
					"DEBUG=1",
					"$(inherited)",
				);
				GCC_WARN_64_TO_32_BIT_CONVERSION = YES;
				GCC_WARN_ABOUT_RETURN_TYPE = YES_ERROR;
				GCC_WARN_UNDECLARED_SELECTOR = YES;
				GCC_WARN_UNINITIALIZED_AUTOS = YES_AGGRESSIVE;
				GCC_WARN_UNUSED_FUNCTION = YES;
				GCC_WARN_UNUSED_VARIABLE = YES;
				IPHONEOS_DEPLOYMENT_TARGET = 18.0;
				LOCALIZATION_PREFERS_STRING_CATALOGS = YES;
				MTL_ENABLE_DEBUG_INFO = INCLUDE_SOURCE;
				MTL_FAST_MATH = YES;
				ONLY_ACTIVE_ARCH = YES;
				SDKROOT = iphoneos;
				SWIFT_ACTIVE_COMPILATION_CONDITIONS = "DEBUG $(inherited)";
				SWIFT_OPTIMIZATION_LEVEL = "-Onone";
			};
			name = Debug;
		};
		BA60D8072CC6054600E44060 /* Release */ = {
			isa = XCBuildConfiguration;
			buildSettings = {
				ALWAYS_SEARCH_USER_PATHS = NO;
				ASSETCATALOG_COMPILER_GENERATE_SWIFT_ASSET_SYMBOL_EXTENSIONS = YES;
				CLANG_ANALYZER_NONNULL = YES;
				CLANG_ANALYZER_NUMBER_OBJECT_CONVERSION = YES_AGGRESSIVE;
				CLANG_CXX_LANGUAGE_STANDARD = "gnu++20";
				CLANG_ENABLE_MODULES = YES;
				CLANG_ENABLE_OBJC_ARC = YES;
				CLANG_ENABLE_OBJC_WEAK = YES;
				CLANG_WARN_BLOCK_CAPTURE_AUTORELEASING = YES;
				CLANG_WARN_BOOL_CONVERSION = YES;
				CLANG_WARN_COMMA = YES;
				CLANG_WARN_CONSTANT_CONVERSION = YES;
				CLANG_WARN_DEPRECATED_OBJC_IMPLEMENTATIONS = YES;
				CLANG_WARN_DIRECT_OBJC_ISA_USAGE = YES_ERROR;
				CLANG_WARN_DOCUMENTATION_COMMENTS = YES;
				CLANG_WARN_EMPTY_BODY = YES;
				CLANG_WARN_ENUM_CONVERSION = YES;
				CLANG_WARN_INFINITE_RECURSION = YES;
				CLANG_WARN_INT_CONVERSION = YES;
				CLANG_WARN_NON_LITERAL_NULL_CONVERSION = YES;
				CLANG_WARN_OBJC_IMPLICIT_RETAIN_SELF = YES;
				CLANG_WARN_OBJC_LITERAL_CONVERSION = YES;
				CLANG_WARN_OBJC_ROOT_CLASS = YES_ERROR;
				CLANG_WARN_QUOTED_INCLUDE_IN_FRAMEWORK_HEADER = YES;
				CLANG_WARN_RANGE_LOOP_ANALYSIS = YES;
				CLANG_WARN_STRICT_PROTOTYPES = YES;
				CLANG_WARN_SUSPICIOUS_MOVE = YES;
				CLANG_WARN_UNGUARDED_AVAILABILITY = YES_AGGRESSIVE;
				CLANG_WARN_UNREACHABLE_CODE = YES;
				CLANG_WARN__DUPLICATE_METHOD_MATCH = YES;
				COPY_PHASE_STRIP = NO;
				DEBUG_INFORMATION_FORMAT = "dwarf-with-dsym";
				ENABLE_NS_ASSERTIONS = NO;
				ENABLE_STRICT_OBJC_MSGSEND = YES;
				ENABLE_USER_SCRIPT_SANDBOXING = YES;
				GCC_C_LANGUAGE_STANDARD = gnu17;
				GCC_NO_COMMON_BLOCKS = YES;
				GCC_WARN_64_TO_32_BIT_CONVERSION = YES;
				GCC_WARN_ABOUT_RETURN_TYPE = YES_ERROR;
				GCC_WARN_UNDECLARED_SELECTOR = YES;
				GCC_WARN_UNINITIALIZED_AUTOS = YES_AGGRESSIVE;
				GCC_WARN_UNUSED_FUNCTION = YES;
				GCC_WARN_UNUSED_VARIABLE = YES;
				IPHONEOS_DEPLOYMENT_TARGET = 18.0;
				LOCALIZATION_PREFERS_STRING_CATALOGS = YES;
				MTL_ENABLE_DEBUG_INFO = NO;
				MTL_FAST_MATH = YES;
				SDKROOT = iphoneos;
				SWIFT_COMPILATION_MODE = wholemodule;
				VALIDATE_PRODUCT = YES;
			};
			name = Release;
		};
		BA60D8092CC6054600E44060 /* Debug */ = {
			isa = XCBuildConfiguration;
			buildSettings = {
				BUNDLE_LOADER = "$(TEST_HOST)";
				CODE_SIGN_STYLE = Automatic;
				CURRENT_PROJECT_VERSION = 1;
				GENERATE_INFOPLIST_FILE = YES;
				IPHONEOS_DEPLOYMENT_TARGET = 18.0;
				MARKETING_VERSION = 1.0;
				PRODUCT_BUNDLE_IDENTIFIER = mun.TeamProjectTests;
				PRODUCT_NAME = "$(TARGET_NAME)";
				SWIFT_EMIT_LOC_STRINGS = NO;
				SWIFT_VERSION = 5.0;
				TARGETED_DEVICE_FAMILY = "1,2";
				TEST_HOST = "$(BUILT_PRODUCTS_DIR)/TeamProject.app/$(BUNDLE_EXECUTABLE_FOLDER_PATH)/TeamProject";
			};
			name = Debug;
		};
		BA60D80A2CC6054600E44060 /* Release */ = {
			isa = XCBuildConfiguration;
			buildSettings = {
				BUNDLE_LOADER = "$(TEST_HOST)";
				CODE_SIGN_STYLE = Automatic;
				CURRENT_PROJECT_VERSION = 1;
				GENERATE_INFOPLIST_FILE = YES;
				IPHONEOS_DEPLOYMENT_TARGET = 18.0;
				MARKETING_VERSION = 1.0;
				PRODUCT_BUNDLE_IDENTIFIER = mun.TeamProjectTests;
				PRODUCT_NAME = "$(TARGET_NAME)";
				SWIFT_EMIT_LOC_STRINGS = NO;
				SWIFT_VERSION = 5.0;
				TARGETED_DEVICE_FAMILY = "1,2";
				TEST_HOST = "$(BUILT_PRODUCTS_DIR)/TeamProject.app/$(BUNDLE_EXECUTABLE_FOLDER_PATH)/TeamProject";
			};
			name = Release;
		};
		BA60D80C2CC6054600E44060 /* Debug */ = {
			isa = XCBuildConfiguration;
			buildSettings = {
				CODE_SIGN_STYLE = Automatic;
				CURRENT_PROJECT_VERSION = 1;
				GENERATE_INFOPLIST_FILE = YES;
				MARKETING_VERSION = 1.0;
				PRODUCT_BUNDLE_IDENTIFIER = mun.TeamProjectUITests;
				PRODUCT_NAME = "$(TARGET_NAME)";
				SWIFT_EMIT_LOC_STRINGS = NO;
				SWIFT_VERSION = 5.0;
				TARGETED_DEVICE_FAMILY = "1,2";
				TEST_TARGET_NAME = TeamProject;
			};
			name = Debug;
		};
		BA60D80D2CC6054600E44060 /* Release */ = {
			isa = XCBuildConfiguration;
			buildSettings = {
				CODE_SIGN_STYLE = Automatic;
				CURRENT_PROJECT_VERSION = 1;
				GENERATE_INFOPLIST_FILE = YES;
				MARKETING_VERSION = 1.0;
				PRODUCT_BUNDLE_IDENTIFIER = mun.TeamProjectUITests;
				PRODUCT_NAME = "$(TARGET_NAME)";
				SWIFT_EMIT_LOC_STRINGS = NO;
				SWIFT_VERSION = 5.0;
				TARGETED_DEVICE_FAMILY = "1,2";
				TEST_TARGET_NAME = TeamProject;
			};
			name = Release;
		};
/* End XCBuildConfiguration section */

/* Begin XCConfigurationList section */
		BA60D7D52CC6054500E44060 /* Build configuration list for PBXProject "TeamProject" */ = {
			isa = XCConfigurationList;
			buildConfigurations = (
				BA60D8062CC6054600E44060 /* Debug */,
				BA60D8072CC6054600E44060 /* Release */,
			);
			defaultConfigurationIsVisible = 0;
			defaultConfigurationName = Release;
		};
		BA60D8032CC6054600E44060 /* Build configuration list for PBXNativeTarget "TeamProject" */ = {
			isa = XCConfigurationList;
			buildConfigurations = (
				BA60D8042CC6054600E44060 /* Debug */,
				BA60D8052CC6054600E44060 /* Release */,
			);
			defaultConfigurationIsVisible = 0;
			defaultConfigurationName = Release;
		};
		BA60D8082CC6054600E44060 /* Build configuration list for PBXNativeTarget "TeamProjectTests" */ = {
			isa = XCConfigurationList;
			buildConfigurations = (
				BA60D8092CC6054600E44060 /* Debug */,
				BA60D80A2CC6054600E44060 /* Release */,
			);
			defaultConfigurationIsVisible = 0;
			defaultConfigurationName = Release;
		};
		BA60D80B2CC6054600E44060 /* Build configuration list for PBXNativeTarget "TeamProjectUITests" */ = {
			isa = XCConfigurationList;
			buildConfigurations = (
				BA60D80C2CC6054600E44060 /* Debug */,
				BA60D80D2CC6054600E44060 /* Release */,
			);
			defaultConfigurationIsVisible = 0;
			defaultConfigurationName = Release;
		};
/* End XCConfigurationList section */
	};
	rootObject = BA60D7D22CC6054500E44060 /* Project object */;
}
